
Microsoft Visual Studio Solution File, Format Version 12.00
# Visual Studio Version 17
VisualStudioVersion = 17.13.35825.156
MinimumVisualStudioVersion = 10.0.40219.1
Project("{FAE04EC0-301F-11D3-BF4B-00C04F79EFBC}") = "WebApi", "WebApi\WebApi.csproj", "{B1E7F227-C97A-4CED-9CAA-8C51ED258C05}"
EndProject
Project("{FAE04EC0-301F-11D3-BF4B-00C04F79EFBC}") = "Data", "Data\Data.csproj", "{F9013B60-C564-4C06-9200-D21ADFACE005}"
EndProject
Project("{FAE04EC0-301F-11D3-BF4B-00C04F79EFBC}") = "Domain", "Domain\Domain.csproj", "{9CB3F631-7CC7-46A7-9254-B2D91181E09B}"
EndProject
Global
	GlobalSection(SolutionConfigurationPlatforms) = preSolution
		Debug|Any CPU = Debug|Any CPU
		Release|Any CPU = Release|Any CPU
	EndGlobalSection
	GlobalSection(ProjectConfigurationPlatforms) = postSolution
		{B1E7F227-C97A-4CED-9CAA-8C51ED258C05}.Debug|Any CPU.ActiveCfg = Debug|Any CPU
		{B1E7F227-C97A-4CED-9CAA-8C51ED258C05}.Debug|Any CPU.Build.0 = Debug|Any CPU
		{B1E7F227-C97A-4CED-9CAA-8C51ED258C05}.Release|Any CPU.ActiveCfg = Release|Any CPU
		{B1E7F227-C97A-4CED-9CAA-8C51ED258C05}.Release|Any CPU.Build.0 = Release|Any CPU
		{F9013B60-C564-4C06-9200-D21ADFACE005}.Debug|Any CPU.ActiveCfg = Debug|Any CPU
		{F9013B60-C564-4C06-9200-D21ADFACE005}.Debug|Any CPU.Build.0 = Debug|Any CPU
		{F9013B60-C564-4C06-9200-D21ADFACE005}.Release|Any CPU.ActiveCfg = Release|Any CPU
		{F9013B60-C564-4C06-9200-D21ADFACE005}.Release|Any CPU.Build.0 = Release|Any CPU

		{9CB3F631-7CC7-46A7-9254-B2D91181E09B}.Debug|Any CPU.ActiveCfg = Debug|Any CPU
		{9CB3F631-7CC7-46A7-9254-B2D91181E09B}.Debug|Any CPU.Build.0 = Debug|Any CPU
		{9CB3F631-7CC7-46A7-9254-B2D91181E09B}.Release|Any CPU.ActiveCfg = Release|Any CPU
		{9CB3F631-7CC7-46A7-9254-B2D91181E09B}.Release|Any CPU.Build.0 = Release|Any CPU

	EndGlobalSection
	GlobalSection(SolutionProperties) = preSolution
		HideSolutionNode = FALSE
	EndGlobalSection
	GlobalSection(ExtensibilityGlobals) = postSolution
		SolutionGuid = {FD075315-18CB-465F-978A-88F7F33ACC76}
	EndGlobalSection
EndGlobal
